{
  "name": "enterprise-ecommerce-platform",
  "version": "1.0.0",
  "lockfileVersion": 3,
  "requires": true,
  "packages": {
    "": {
      "name": "enterprise-ecommerce-platform",
      "version": "1.0.0",
      "license": "UNLICENSED",
      "devDependencies": {
        "@types/node": "^22.10.0",
        "typescript": "^5.7.0"
      }
    },
    "node_modules/@types/node": {
      "version": "22.10.0",
      "resolved": "https://registry.npmjs.org/@types/node/-/node-22.10.0.tgz",
      "integrity": "sha512-jafk5G6F0pW7J741kFh1lVnU2w1gVfP847JcW1oE5z1ZtH9P7R/g1hB642j3P7cW2nQxXG/oXlV/0B9H5Q==",
      "dev": true
    },
    "node_modules/typescript": {
      "version": "5.7.2",
      "resolved": "https://registry.npmjs.org/typescript/-/typescript-5.7.2.tgz",
      "integrity": "sha512-TxTuJocSQPn7EE9b5mZ7/Uq2/V1w/y4bQ5678WnK4L4yS9R778J8Z4m1a/6n5V4Q2zW0/8n41jR4==",
      "dev": true
    }
  }
}
